
Microsoft Visual Studio Solution File, Format Version 11.00
# Visual Studio 2010
Project("{FAE04EC0-301F-11D3-BF4B-00C04F79EFBC}") = "MvcApplication1", "MvcApplication1\MvcApplication1.csproj", "{1D159C5D-7C05-40FB-8A9F-D1B30D7E139E}"
EndProject
Global
	GlobalSection(SolutionConfigurationPlatforms) = preSolution
		Debug|Any CPU = Debug|Any CPU
		Release|Any CPU = Release|Any CPU
	EndGlobalSection
	GlobalSection(ProjectConfigurationPlatforms) = postSolution
		{1D159C5D-7C05-40FB-8A9F-D1B30D7E139E}.Debug|Any CPU.ActiveCfg = Debug|Any CPU
		{1D159C5D-7C05-40FB-8A9F-D1B30D7E139E}.Debug|Any CPU.Build.0 = Debug|Any CPU
		{1D159C5D-7C05-40FB-8A9F-D1B30D7E139E}.Release|Any CPU.ActiveCfg = Release|Any CPU
		{1D159C5D-7C05-40FB-8A9F-D1B30D7E139E}.Release|Any CPU.Build.0 = Release|Any CPU
	EndGlobalSection
	GlobalSection(SolutionProperties) = preSolution
		HideSolutionNode = FALSE
	EndGlobalSection
EndGlobal
